<Solution>
  <Folder Name="/src/" />
  <Folder Name="/src/Api/">
    <Project Path="src/Api/ExpenseApproval.Api.csproj" />
  </Folder>
  <Folder Name="/src/Application/">
    <Project Path="src/Application/ExpenseApproval.Application.csproj" />
  </Folder>
  <Folder Name="/src/Domain/">
    <Project Path="src/Domain/ExpenseApproval.Domain.csproj" />
  </Folder>
  <Folder Name="/src/Infrastructure/">
    <Project Path="src/Infrastructure/ExpenseApproval.Infrastructure.csproj" />
  </Folder>
  <Folder Name="/tests/" />
  <Folder Name="/tests/ExpenseApproval.Application.Tests/">
    <Project Path="tests/ExpenseApproval.Application.Tests/ExpenseApproval.Application.Tests.csproj" />
  </Folder>
  <Folder Name="/tests/ExpenseApproval.Api.Tests/">
    <Project Path="tests/ExpenseApproval.Api.Tests/ExpenseApproval.Api.Tests.csproj" />
  </Folder>
</Solution>
